
Microsoft Visual Studio Solution File, Format Version 12.00
# Visual Studio 2013
VisualStudioVersion = 12.0.30723.0
MinimumVisualStudioVersion = 10.0.40219.1
Project("{FAE04EC0-301F-11D3-BF4B-00C04F79EFBC}") = "Lucene.Net", "Lucene.Net.csproj", "{5D4AD9BE-1FFB-41AB-9943-25737971BF57}"
EndProject
Project("{FAE04EC0-301F-11D3-BF4B-00C04F79EFBC}") = "Lucene.Net.Analysis", "..\Lucene.Net.Analysis\Lucene.Net.Analysis.csproj", "{C82C6217-B961-41B7-8BF4-722C98F3936F}"
EndProject
Project("{FAE04EC0-301F-11D3-BF4B-00C04F79EFBC}") = "Lucene.Net.Classification", "..\Lucene.Net.Classification\Lucene.Net.Classification.csproj", "{AEFF1D58-EDA7-4AB0-AA64-DFF430E9455A}"
EndProject
Project("{FAE04EC0-301F-11D3-BF4B-00C04F79EFBC}") = "Lucene.Net.Codecs", "..\Lucene.Net.Codecs\Lucene.Net.Codecs.csproj", "{5DE0659A-6EFD-4DDA-B30B-AFD142AC0F86}"
EndProject
Project("{FAE04EC0-301F-11D3-BF4B-00C04F79EFBC}") = "Lucene.Net.Expressions", "..\Lucene.Net.Expressions\Lucene.Net.Expressions.csproj", "{DC83004C-183A-4E1A-ABEA-4FE95B4BC079}"
EndProject
Project("{FAE04EC0-301F-11D3-BF4B-00C04F79EFBC}") = "Lucene.Net.Facet", "..\Lucene.Net.Facet\Lucene.Net.Facet.csproj", "{6E02D77E-2D26-4D64-AD90-98D6EC66463A}"
EndProject
Project("{FAE04EC0-301F-11D3-BF4B-00C04F79EFBC}") = "Lucene.Net.Grouping", "..\Lucene.Net.Grouping\Lucene.Net.Grouping.csproj", "{688B116B-E4F2-4664-B7FA-B5541C80C737}"
EndProject
Project("{FAE04EC0-301F-11D3-BF4B-00C04F79EFBC}") = "Lucene.Net.Highlighter", "..\Lucene.Net.Highlighter\Lucene.Net.Highlighter.csproj", "{2F458B53-E352-4064-8809-857BBF0C350B}"
EndProject
Project("{FAE04EC0-301F-11D3-BF4B-00C04F79EFBC}") = "Lucene.Net.Join", "..\Lucene.Net.Join\Lucene.Net.Join.csproj", "{BD630C94-1367-44E3-AE20-5F4675FB78A8}"
EndProject
Project("{FAE04EC0-301F-11D3-BF4B-00C04F79EFBC}") = "Lucene.Net.Memory", "..\Lucene.Net.Memory\Lucene.Net.Memory.csproj", "{BDEC050F-9920-4348-8C74-76FC6E885F94}"
EndProject
Project("{FAE04EC0-301F-11D3-BF4B-00C04F79EFBC}") = "Lucene.Net.Misc", "..\Lucene.Net.Misc\Lucene.Net.Misc.csproj", "{D25E10BC-260F-4151-9D4D-065B58ED300E}"
EndProject
Project("{FAE04EC0-301F-11D3-BF4B-00C04F79EFBC}") = "Lucene.Net.Queries", "..\Lucene.Net.Queries\Lucene.Net.Queries.csproj", "{A3FEA521-C8A1-40B4-8084-D83229D9EBC5}"
EndProject
Project("{FAE04EC0-301F-11D3-BF4B-00C04F79EFBC}") = "Lucene.Net.QueryParser", "..\Lucene.Net.QueryParser\Lucene.Net.QueryParser.csproj", "{EF5424F0-6466-4817-B486-1776BEB7EDB9}"
EndProject
Project("{FAE04EC0-301F-11D3-BF4B-00C04F79EFBC}") = "Lucene.Net.Replicator", "..\Lucene.Net.Replicator\Lucene.Net.Replicator.csproj", "{8F315AB5-93FE-42C7-86DD-41ADA254C456}"
EndProject
Project("{FAE04EC0-301F-11D3-BF4B-00C04F79EFBC}") = "Lucene.Net.Sandbox", "..\Lucene.Net.Sandbox\Lucene.Net.Sandbox.csproj", "{BE83064F-49FB-4F01-AE1E-4496AAC7826F}"
EndProject
Project("{FAE04EC0-301F-11D3-BF4B-00C04F79EFBC}") = "Lucene.Net.Spatial", "..\Lucene.Net.Spatial\Lucene.Net.Spatial.csproj", "{84D5E382-C404-4740-804C-1C686AB995CE}"
EndProject
Global
	GlobalSection(SolutionConfigurationPlatforms) = preSolution
		Debug|Any CPU = Debug|Any CPU
		Debug35|Any CPU = Debug35|Any CPU
		Release|Any CPU = Release|Any CPU
		Release35|Any CPU = Release35|Any CPU
	EndGlobalSection
	GlobalSection(ProjectConfigurationPlatforms) = postSolution
		{5D4AD9BE-1FFB-41AB-9943-25737971BF57}.Debug|Any CPU.ActiveCfg = Debug|Any CPU
		{5D4AD9BE-1FFB-41AB-9943-25737971BF57}.Debug|Any CPU.Build.0 = Debug|Any CPU
		{5D4AD9BE-1FFB-41AB-9943-25737971BF57}.Debug35|Any CPU.ActiveCfg = Debug35|Any CPU
		{5D4AD9BE-1FFB-41AB-9943-25737971BF57}.Debug35|Any CPU.Build.0 = Debug35|Any CPU
		{5D4AD9BE-1FFB-41AB-9943-25737971BF57}.Release|Any CPU.ActiveCfg = Release|Any CPU
		{5D4AD9BE-1FFB-41AB-9943-25737971BF57}.Release|Any CPU.Build.0 = Release|Any CPU
		{5D4AD9BE-1FFB-41AB-9943-25737971BF57}.Release35|Any CPU.ActiveCfg = Release35|Any CPU
		{5D4AD9BE-1FFB-41AB-9943-25737971BF57}.Release35|Any CPU.Build.0 = Release35|Any CPU
		{C82C6217-B961-41B7-8BF4-722C98F3936F}.Debug|Any CPU.ActiveCfg = Debug|Any CPU
		{C82C6217-B961-41B7-8BF4-722C98F3936F}.Debug|Any CPU.Build.0 = Debug|Any CPU
		{C82C6217-B961-41B7-8BF4-722C98F3936F}.Debug35|Any CPU.ActiveCfg = Debug|Any CPU
		{C82C6217-B961-41B7-8BF4-722C98F3936F}.Debug35|Any CPU.Build.0 = Debug|Any CPU
		{C82C6217-B961-41B7-8BF4-722C98F3936F}.Release|Any CPU.ActiveCfg = Release|Any CPU
		{C82C6217-B961-41B7-8BF4-722C98F3936F}.Release|Any CPU.Build.0 = Release|Any CPU
		{C82C6217-B961-41B7-8BF4-722C98F3936F}.Release35|Any CPU.ActiveCfg = Release|Any CPU
		{C82C6217-B961-41B7-8BF4-722C98F3936F}.Release35|Any CPU.Build.0 = Release|Any CPU
		{AEFF1D58-EDA7-4AB0-AA64-DFF430E9455A}.Debug|Any CPU.ActiveCfg = Debug|Any CPU
		{AEFF1D58-EDA7-4AB0-AA64-DFF430E9455A}.Debug|Any CPU.Build.0 = Debug|Any CPU
		{AEFF1D58-EDA7-4AB0-AA64-DFF430E9455A}.Debug35|Any CPU.ActiveCfg = Debug|Any CPU
		{AEFF1D58-EDA7-4AB0-AA64-DFF430E9455A}.Debug35|Any CPU.Build.0 = Debug|Any CPU
		{AEFF1D58-EDA7-4AB0-AA64-DFF430E9455A}.Release|Any CPU.ActiveCfg = Release|Any CPU
		{AEFF1D58-EDA7-4AB0-AA64-DFF430E9455A}.Release|Any CPU.Build.0 = Release|Any CPU
		{AEFF1D58-EDA7-4AB0-AA64-DFF430E9455A}.Release35|Any CPU.ActiveCfg = Release|Any CPU
		{AEFF1D58-EDA7-4AB0-AA64-DFF430E9455A}.Release35|Any CPU.Build.0 = Release|Any CPU
		{5DE0659A-6EFD-4DDA-B30B-AFD142AC0F86}.Debug|Any CPU.ActiveCfg = Debug|Any CPU
		{5DE0659A-6EFD-4DDA-B30B-AFD142AC0F86}.Debug|Any CPU.Build.0 = Debug|Any CPU
		{5DE0659A-6EFD-4DDA-B30B-AFD142AC0F86}.Debug35|Any CPU.ActiveCfg = Debug|Any CPU
		{5DE0659A-6EFD-4DDA-B30B-AFD142AC0F86}.Debug35|Any CPU.Build.0 = Debug|Any CPU
		{5DE0659A-6EFD-4DDA-B30B-AFD142AC0F86}.Release|Any CPU.ActiveCfg = Release|Any CPU
		{5DE0659A-6EFD-4DDA-B30B-AFD142AC0F86}.Release|Any CPU.Build.0 = Release|Any CPU
		{5DE0659A-6EFD-4DDA-B30B-AFD142AC0F86}.Release35|Any CPU.ActiveCfg = Release|Any CPU
		{5DE0659A-6EFD-4DDA-B30B-AFD142AC0F86}.Release35|Any CPU.Build.0 = Release|Any CPU
		{DC83004C-183A-4E1A-ABEA-4FE95B4BC079}.Debug|Any CPU.ActiveCfg = Debug|Any CPU
		{DC83004C-183A-4E1A-ABEA-4FE95B4BC079}.Debug|Any CPU.Build.0 = Debug|Any CPU
		{DC83004C-183A-4E1A-ABEA-4FE95B4BC079}.Debug35|Any CPU.ActiveCfg = Debug|Any CPU
		{DC83004C-183A-4E1A-ABEA-4FE95B4BC079}.Debug35|Any CPU.Build.0 = Debug|Any CPU
		{DC83004C-183A-4E1A-ABEA-4FE95B4BC079}.Release|Any CPU.ActiveCfg = Release|Any CPU
		{DC83004C-183A-4E1A-ABEA-4FE95B4BC079}.Release|Any CPU.Build.0 = Release|Any CPU
		{DC83004C-183A-4E1A-ABEA-4FE95B4BC079}.Release35|Any CPU.ActiveCfg = Release|Any CPU
		{DC83004C-183A-4E1A-ABEA-4FE95B4BC079}.Release35|Any CPU.Build.0 = Release|Any CPU
		{6E02D77E-2D26-4D64-AD90-98D6EC66463A}.Debug|Any CPU.ActiveCfg = Debug|Any CPU
		{6E02D77E-2D26-4D64-AD90-98D6EC66463A}.Debug|Any CPU.Build.0 = Debug|Any CPU
		{6E02D77E-2D26-4D64-AD90-98D6EC66463A}.Debug35|Any CPU.ActiveCfg = Debug|Any CPU
		{6E02D77E-2D26-4D64-AD90-98D6EC66463A}.Debug35|Any CPU.Build.0 = Debug|Any CPU
		{6E02D77E-2D26-4D64-AD90-98D6EC66463A}.Release|Any CPU.ActiveCfg = Release|Any CPU
		{6E02D77E-2D26-4D64-AD90-98D6EC66463A}.Release|Any CPU.Build.0 = Release|Any CPU
		{6E02D77E-2D26-4D64-AD90-98D6EC66463A}.Release35|Any CPU.ActiveCfg = Release|Any CPU
		{6E02D77E-2D26-4D64-AD90-98D6EC66463A}.Release35|Any CPU.Build.0 = Release|Any CPU
		{688B116B-E4F2-4664-B7FA-B5541C80C737}.Debug|Any CPU.ActiveCfg = Debug|Any CPU
		{688B116B-E4F2-4664-B7FA-B5541C80C737}.Debug|Any CPU.Build.0 = Debug|Any CPU
		{688B116B-E4F2-4664-B7FA-B5541C80C737}.Debug35|Any CPU.ActiveCfg = Debug|Any CPU
		{688B116B-E4F2-4664-B7FA-B5541C80C737}.Debug35|Any CPU.Build.0 = Debug|Any CPU
		{688B116B-E4F2-4664-B7FA-B5541C80C737}.Release|Any CPU.ActiveCfg = Release|Any CPU
		{688B116B-E4F2-4664-B7FA-B5541C80C737}.Release|Any CPU.Build.0 = Release|Any CPU
		{688B116B-E4F2-4664-B7FA-B5541C80C737}.Release35|Any CPU.ActiveCfg = Release|Any CPU
		{688B116B-E4F2-4664-B7FA-B5541C80C737}.Release35|Any CPU.Build.0 = Release|Any CPU
		{2F458B53-E352-4064-8809-857BBF0C350B}.Debug|Any CPU.ActiveCfg = Debug|Any CPU
		{2F458B53-E352-4064-8809-857BBF0C350B}.Debug|Any CPU.Build.0 = Debug|Any CPU
		{2F458B53-E352-4064-8809-857BBF0C350B}.Debug35|Any CPU.ActiveCfg = Debug|Any CPU
		{2F458B53-E352-4064-8809-857BBF0C350B}.Debug35|Any CPU.Build.0 = Debug|Any CPU
		{2F458B53-E352-4064-8809-857BBF0C350B}.Release|Any CPU.ActiveCfg = Release|Any CPU
		{2F458B53-E352-4064-8809-857BBF0C350B}.Release|Any CPU.Build.0 = Release|Any CPU
		{2F458B53-E352-4064-8809-857BBF0C350B}.Release35|Any CPU.ActiveCfg = Release|Any CPU
		{2F458B53-E352-4064-8809-857BBF0C350B}.Release35|Any CPU.Build.0 = Release|Any CPU
		{BD630C94-1367-44E3-AE20-5F4675FB78A8}.Debug|Any CPU.ActiveCfg = Debug|Any CPU
		{BD630C94-1367-44E3-AE20-5F4675FB78A8}.Debug|Any CPU.Build.0 = Debug|Any CPU
		{BD630C94-1367-44E3-AE20-5F4675FB78A8}.Debug35|Any CPU.ActiveCfg = Debug|Any CPU
		{BD630C94-1367-44E3-AE20-5F4675FB78A8}.Debug35|Any CPU.Build.0 = Debug|Any CPU
		{BD630C94-1367-44E3-AE20-5F4675FB78A8}.Release|Any CPU.ActiveCfg = Release|Any CPU
		{BD630C94-1367-44E3-AE20-5F4675FB78A8}.Release|Any CPU.Build.0 = Release|Any CPU
		{BD630C94-1367-44E3-AE20-5F4675FB78A8}.Release35|Any CPU.ActiveCfg = Release|Any CPU
		{BD630C94-1367-44E3-AE20-5F4675FB78A8}.Release35|Any CPU.Build.0 = Release|Any CPU
		{BDEC050F-9920-4348-8C74-76FC6E885F94}.Debug|Any CPU.ActiveCfg = Debug|Any CPU
		{BDEC050F-9920-4348-8C74-76FC6E885F94}.Debug|Any CPU.Build.0 = Debug|Any CPU
		{BDEC050F-9920-4348-8C74-76FC6E885F94}.Debug35|Any CPU.ActiveCfg = Debug|Any CPU
		{BDEC050F-9920-4348-8C74-76FC6E885F94}.Debug35|Any CPU.Build.0 = Debug|Any CPU
		{BDEC050F-9920-4348-8C74-76FC6E885F94}.Release|Any CPU.ActiveCfg = Release|Any CPU
		{BDEC050F-9920-4348-8C74-76FC6E885F94}.Release|Any CPU.Build.0 = Release|Any CPU
		{BDEC050F-9920-4348-8C74-76FC6E885F94}.Release35|Any CPU.ActiveCfg = Release|Any CPU
		{BDEC050F-9920-4348-8C74-76FC6E885F94}.Release35|Any CPU.Build.0 = Release|Any CPU
		{D25E10BC-260F-4151-9D4D-065B58ED300E}.Debug|Any CPU.ActiveCfg = Debug|Any CPU
		{D25E10BC-260F-4151-9D4D-065B58ED300E}.Debug|Any CPU.Build.0 = Debug|Any CPU
		{D25E10BC-260F-4151-9D4D-065B58ED300E}.Debug35|Any CPU.ActiveCfg = Debug|Any CPU
		{D25E10BC-260F-4151-9D4D-065B58ED300E}.Debug35|Any CPU.Build.0 = Debug|Any CPU
		{D25E10BC-260F-4151-9D4D-065B58ED300E}.Release|Any CPU.ActiveCfg = Release|Any CPU
		{D25E10BC-260F-4151-9D4D-065B58ED300E}.Release|Any CPU.Build.0 = Release|Any CPU
		{D25E10BC-260F-4151-9D4D-065B58ED300E}.Release35|Any CPU.ActiveCfg = Release|Any CPU
		{D25E10BC-260F-4151-9D4D-065B58ED300E}.Release35|Any CPU.Build.0 = Release|Any CPU
		{A3FEA521-C8A1-40B4-8084-D83229D9EBC5}.Debug|Any CPU.ActiveCfg = Debug|Any CPU
		{A3FEA521-C8A1-40B4-8084-D83229D9EBC5}.Debug|Any CPU.Build.0 = Debug|Any CPU
		{A3FEA521-C8A1-40B4-8084-D83229D9EBC5}.Debug35|Any CPU.ActiveCfg = Debug|Any CPU
		{A3FEA521-C8A1-40B4-8084-D83229D9EBC5}.Debug35|Any CPU.Build.0 = Debug|Any CPU
		{A3FEA521-C8A1-40B4-8084-D83229D9EBC5}.Release|Any CPU.ActiveCfg = Release|Any CPU
		{A3FEA521-C8A1-40B4-8084-D83229D9EBC5}.Release|Any CPU.Build.0 = Release|Any CPU
		{A3FEA521-C8A1-40B4-8084-D83229D9EBC5}.Release35|Any CPU.ActiveCfg = Release|Any CPU
		{A3FEA521-C8A1-40B4-8084-D83229D9EBC5}.Release35|Any CPU.Build.0 = Release|Any CPU
		{EF5424F0-6466-4817-B486-1776BEB7EDB9}.Debug|Any CPU.ActiveCfg = Debug|Any CPU
		{EF5424F0-6466-4817-B486-1776BEB7EDB9}.Debug|Any CPU.Build.0 = Debug|Any CPU
		{EF5424F0-6466-4817-B486-1776BEB7EDB9}.Debug35|Any CPU.ActiveCfg = Debug|Any CPU
		{EF5424F0-6466-4817-B486-1776BEB7EDB9}.Debug35|Any CPU.Build.0 = Debug|Any CPU
		{EF5424F0-6466-4817-B486-1776BEB7EDB9}.Release|Any CPU.ActiveCfg = Release|Any CPU
		{EF5424F0-6466-4817-B486-1776BEB7EDB9}.Release|Any CPU.Build.0 = Release|Any CPU
		{EF5424F0-6466-4817-B486-1776BEB7EDB9}.Release35|Any CPU.ActiveCfg = Release|Any CPU
		{EF5424F0-6466-4817-B486-1776BEB7EDB9}.Release35|Any CPU.Build.0 = Release|Any CPU
		{8F315AB5-93FE-42C7-86DD-41ADA254C456}.Debug|Any CPU.ActiveCfg = Debug|Any CPU
		{8F315AB5-93FE-42C7-86DD-41ADA254C456}.Debug|Any CPU.Build.0 = Debug|Any CPU
		{8F315AB5-93FE-42C7-86DD-41ADA254C456}.Debug35|Any CPU.ActiveCfg = Debug|Any CPU
		{8F315AB5-93FE-42C7-86DD-41ADA254C456}.Debug35|Any CPU.Build.0 = Debug|Any CPU
		{8F315AB5-93FE-42C7-86DD-41ADA254C456}.Release|Any CPU.ActiveCfg = Release|Any CPU
		{8F315AB5-93FE-42C7-86DD-41ADA254C456}.Release|Any CPU.Build.0 = Release|Any CPU
		{8F315AB5-93FE-42C7-86DD-41ADA254C456}.Release35|Any CPU.ActiveCfg = Release|Any CPU
		{8F315AB5-93FE-42C7-86DD-41ADA254C456}.Release35|Any CPU.Build.0 = Release|Any CPU
		{BE83064F-49FB-4F01-AE1E-4496AAC7826F}.Debug|Any CPU.ActiveCfg = Debug|Any CPU
		{BE83064F-49FB-4F01-AE1E-4496AAC7826F}.Debug|Any CPU.Build.0 = Debug|Any CPU
		{BE83064F-49FB-4F01-AE1E-4496AAC7826F}.Debug35|Any CPU.ActiveCfg = Debug|Any CPU
		{BE83064F-49FB-4F01-AE1E-4496AAC7826F}.Debug35|Any CPU.Build.0 = Debug|Any CPU
		{BE83064F-49FB-4F01-AE1E-4496AAC7826F}.Release|Any CPU.ActiveCfg = Release|Any CPU
		{BE83064F-49FB-4F01-AE1E-4496AAC7826F}.Release|Any CPU.Build.0 = Release|Any CPU
		{BE83064F-49FB-4F01-AE1E-4496AAC7826F}.Release35|Any CPU.ActiveCfg = Release|Any CPU
		{BE83064F-49FB-4F01-AE1E-4496AAC7826F}.Release35|Any CPU.Build.0 = Release|Any CPU
		{84D5E382-C404-4740-804C-1C686AB995CE}.Debug|Any CPU.ActiveCfg = Debug|Any CPU
		{84D5E382-C404-4740-804C-1C686AB995CE}.Debug|Any CPU.Build.0 = Debug|Any CPU
		{84D5E382-C404-4740-804C-1C686AB995CE}.Debug35|Any CPU.ActiveCfg = Debug|Any CPU
		{84D5E382-C404-4740-804C-1C686AB995CE}.Debug35|Any CPU.Build.0 = Debug|Any CPU
		{84D5E382-C404-4740-804C-1C686AB995CE}.Release|Any CPU.ActiveCfg = Release|Any CPU
		{84D5E382-C404-4740-804C-1C686AB995CE}.Release|Any CPU.Build.0 = Release|Any CPU
		{84D5E382-C404-4740-804C-1C686AB995CE}.Release35|Any CPU.ActiveCfg = Release|Any CPU
		{84D5E382-C404-4740-804C-1C686AB995CE}.Release35|Any CPU.Build.0 = Release|Any CPU
	EndGlobalSection
	GlobalSection(SolutionProperties) = preSolution
		HideSolutionNode = FALSE
	EndGlobalSection
EndGlobal
